
Microsoft Visual Studio Solution File, Format Version 12.00
# Visual Studio Version 17
VisualStudioVersion = 17.13.35828.75 d17.13
MinimumVisualStudioVersion = 10.0.40219.1
Project("{FAE04EC0-301F-11D3-BF4B-00C04F79EFBC}") = "jogoadvinhacao.ConsoleApp", "jogoadvinhacao.ConsoleApp\jogoadvinhacao.ConsoleApp.csproj", "{2CFB66FF-CD4A-435A-AE58-A887E3269430}"
EndProject
Global
	GlobalSection(SolutionConfigurationPlatforms) = preSolution
		Debug|Any CPU = Debug|Any CPU
		Release|Any CPU = Release|Any CPU
	EndGlobalSection
	GlobalSection(ProjectConfigurationPlatforms) = postSolution
		{2CFB66FF-CD4A-435A-AE58-A887E3269430}.Debug|Any CPU.ActiveCfg = Debug|Any CPU
		{2CFB66FF-CD4A-435A-AE58-A887E3269430}.Debug|Any CPU.Build.0 = Debug|Any CPU
		{2CFB66FF-CD4A-435A-AE58-A887E3269430}.Release|Any CPU.ActiveCfg = Release|Any CPU
		{2CFB66FF-CD4A-435A-AE58-A887E3269430}.Release|Any CPU.Build.0 = Release|Any CPU
	EndGlobalSection
	GlobalSection(SolutionProperties) = preSolution
		HideSolutionNode = FALSE
	EndGlobalSection
	GlobalSection(ExtensibilityGlobals) = postSolution
		SolutionGuid = {68B91D0E-0B98-4DC7-AC5D-1E0B8FCF4EAB}
	EndGlobalSection
EndGlobal
